
Microsoft Visual Studio Solution File, Format Version 10.00
# Visual Studio 2008
Project("{FAE04EC0-301F-11D3-BF4B-00C04F79EFBC}") = "FieldWorksBridge", "src\FieldWorksBridge\FieldWorksBridge.csproj", "{A40E1224-6159-4FE6-B78E-4094BD05DAF6}"
EndProject
Project("{FAE04EC0-301F-11D3-BF4B-00C04F79EFBC}") = "FieldWorksBridgeTests", "src\FieldWorksBridgeTests\FieldWorksBridgeTests.csproj", "{FCC2A824-2FC1-45A9-89F9-180561E3A647}"
EndProject
Project("{54435603-DBB4-11D2-8724-00A0C9A8B90C}") = "FWBridgeInstaller", "src\Installer\Installer.vdproj", "{93343F94-5B65-4F0F-89C7-F9DF0AC60BCF}"
EndProject
Global
	GlobalSection(SolutionConfigurationPlatforms) = preSolution
		Debug|Any CPU = Debug|Any CPU
		Release|Any CPU = Release|Any CPU
	EndGlobalSection
	GlobalSection(ProjectConfigurationPlatforms) = postSolution
		{A40E1224-6159-4FE6-B78E-4094BD05DAF6}.Debug|Any CPU.ActiveCfg = Debug|Any CPU
		{A40E1224-6159-4FE6-B78E-4094BD05DAF6}.Debug|Any CPU.Build.0 = Debug|Any CPU
		{A40E1224-6159-4FE6-B78E-4094BD05DAF6}.Release|Any CPU.ActiveCfg = Release|Any CPU
		{A40E1224-6159-4FE6-B78E-4094BD05DAF6}.Release|Any CPU.Build.0 = Release|Any CPU
		{FCC2A824-2FC1-45A9-89F9-180561E3A647}.Debug|Any CPU.ActiveCfg = Debug|Any CPU
		{FCC2A824-2FC1-45A9-89F9-180561E3A647}.Debug|Any CPU.Build.0 = Debug|Any CPU
		{FCC2A824-2FC1-45A9-89F9-180561E3A647}.Release|Any CPU.ActiveCfg = Release|Any CPU
		{FCC2A824-2FC1-45A9-89F9-180561E3A647}.Release|Any CPU.Build.0 = Release|Any CPU
		{93343F94-5B65-4F0F-89C7-F9DF0AC60BCF}.Debug|Any CPU.ActiveCfg = Debug
		{93343F94-5B65-4F0F-89C7-F9DF0AC60BCF}.Release|Any CPU.ActiveCfg = Release
	EndGlobalSection
	GlobalSection(SolutionProperties) = preSolution
		HideSolutionNode = FALSE
	EndGlobalSection
EndGlobal
