
Microsoft Visual Studio Solution File, Format Version 12.00
# Visual Studio Version 17
VisualStudioVersion = 17.4.33122.133
MinimumVisualStudioVersion = 10.0.40219.1
Project("{2150E333-8FDC-42A3-9474-1A3956D46DE8}") = "OtherDocs", "OtherDocs", "{0D38A3A9-1AE9-4984-A412-D395D2666ECC}"
	ProjectSection(SolutionItems) = preProject
		.editorconfig = .editorconfig
		.gitattributes = .gitattributes
		.gitignore = .gitignore
		DistFiles\about.htm = DistFiles\about.htm
		src\AppForTests.config = src\AppForTests.config
		appveyor.yml = appveyor.yml
		CHANGELOG.md = CHANGELOG.md
		Directory.Build.props = Directory.Build.props
		Directory.Build.targets = Directory.Build.targets
		build\FLExBridge.proj = build\FLExBridge.proj
		GitVersion.yml = GitVersion.yml
		src\Installer\Installer.wixproj = src\Installer\Installer.wixproj
		src\Installer\Installer.wxs = src\Installer\Installer.wxs
		ReadMe.md = ReadMe.md
		build\TestInstallerBuild.bat = build\TestInstallerBuild.bat
	EndProjectSection
EndProject
Project("{9A19103F-16F7-4668-BE54-9A1E7A4F7556}") = "FLExBridge", "src\FLExBridge\FLExBridge.csproj", "{A40E1224-6159-4FE6-B78E-4094BD05DAF6}"
EndProject
Project("{9A19103F-16F7-4668-BE54-9A1E7A4F7556}") = "FLEx-ChorusPlugin", "src\FLEx-ChorusPlugin\FLEx-ChorusPlugin.csproj", "{133981BF-62BF-453A-8ED0-AEFA386FEBB8}"
EndProject
Project("{9A19103F-16F7-4668-BE54-9A1E7A4F7556}") = "FLEx-ChorusPluginTests", "src\FLEx-ChorusPluginTests\FLEx-ChorusPluginTests.csproj", "{5512542B-6423-4221-90AC-CF12CC73E96F}"
EndProject
Project("{9A19103F-16F7-4668-BE54-9A1E7A4F7556}") = "FwdataTestApp", "src\FwdataNester\FwdataTestApp.csproj", "{C036E79E-49D8-4AB3-BB9A-792C514A817F}"
EndProject
Project("{9A19103F-16F7-4668-BE54-9A1E7A4F7556}") = "LiftBridge-ChorusPlugin", "src\LiftBridge-ChorusPlugin\LiftBridge-ChorusPlugin.csproj", "{B814F8CE-56A1-4245-8CBA-683DD2FFF2DC}"
EndProject
Project("{9A19103F-16F7-4668-BE54-9A1E7A4F7556}") = "LiftBridge-ChorusPluginTests", "src\LiftBridge-ChorusPluginTests\LiftBridge-ChorusPluginTests.csproj", "{6B8A79C7-B761-41DD-B9E3-FD5631ABE299}"
EndProject
Project("{9A19103F-16F7-4668-BE54-9A1E7A4F7556}") = "TriboroughBridge-ChorusPlugin", "src\TriboroughBridge-ChorusPlugin\TriboroughBridge-ChorusPlugin.csproj", "{8F9F6C42-2BB6-49E1-831D-7414CA411845}"
EndProject
Project("{9A19103F-16F7-4668-BE54-9A1E7A4F7556}") = "TriboroughBridge-ChorusPluginTests", "src\TriboroughBridge-ChorusPluginTests\TriboroughBridge-ChorusPluginTests.csproj", "{88C35B4A-6925-45D7-97A4-E4DC4A59731F}"
EndProject
Project("{9A19103F-16F7-4668-BE54-9A1E7A4F7556}") = "RepositoryUtility", "src\RepositoryUtility\RepositoryUtility.csproj", "{FC668C72-7472-4774-8501-8E021ECF3BEA}"
EndProject
Project("{9A19103F-16F7-4668-BE54-9A1E7A4F7556}") = "LibFLExBridge-ChorusPlugin", "src\LibFLExBridge-ChorusPlugin\LibFLExBridge-ChorusPlugin.csproj", "{67DCA42D-0666-4BDB-BF7B-F3FAB2A6EFED}"
EndProject
Project("{9A19103F-16F7-4668-BE54-9A1E7A4F7556}") = "LibFLExBridge-ChorusPluginTests", "src\LibFLExBridge-ChorusPluginTests\LibFLExBridge-ChorusPluginTests.csproj", "{D8929836-9B5D-4103-82AE-92ADC802592A}"
EndProject
Project("{9A19103F-16F7-4668-BE54-9A1E7A4F7556}") = "LibTriboroughBridge-ChorusPlugin", "src\LibTriboroughBridge-ChorusPlugin\LibTriboroughBridge-ChorusPlugin.csproj", "{8E6DD218-7BA1-4119-82D2-535C05A0923C}"
EndProject
Project("{9A19103F-16F7-4668-BE54-9A1E7A4F7556}") = "LfMergeBridge", "src\LfMergeBridge\LfMergeBridge.csproj", "{4F0ECF1E-3C41-4564-A629-02C3455C71D3}"
EndProject
Project("{9A19103F-16F7-4668-BE54-9A1E7A4F7556}") = "LfMergeBridgeTestApp", "src\LfMergeBridgeTestApp\LfMergeBridgeTestApp.csproj", "{DECC78B9-4FB5-4181-B7B7-E5121578000A}"
EndProject
Project("{9A19103F-16F7-4668-BE54-9A1E7A4F7556}") = "LfMergeBridgeTests", "src\LfMergeBridgeTests\LfMergeBridgeTests.csproj", "{6CB1246D-956A-4759-AA13-D434CBB383FE}"
EndProject
Project("{9A19103F-16F7-4668-BE54-9A1E7A4F7556}") = "LiftFileCheckerApp", "src\LiftFileCheckerApp\LiftFileCheckerApp.csproj", "{30AA046B-5E14-408C-89EF-8601BB27FB32}"
EndProject
Project("{9A19103F-16F7-4668-BE54-9A1E7A4F7556}") = "LibTriboroughBridge-ChorusPluginTests", "src\LibTriboroughBridge-ChorusPluginTests\LibTriboroughBridge-ChorusPluginTests.csproj", "{AA6CC4E2-6FD8-4B30-99EC-A446E9CAA176}"
EndProject
Project("{9A19103F-16F7-4668-BE54-9A1E7A4F7556}") = "RepositoryUtilityTests", "src\RepositoryUtilityTests\RepositoryUtilityTests.csproj", "{720CCCB7-B966-4C3F-9F60-8B422DB46996}"
EndProject
Global
	GlobalSection(SolutionConfigurationPlatforms) = preSolution
		Debug|Any CPU = Debug|Any CPU
		Release|Any CPU = Release|Any CPU
	EndGlobalSection
	GlobalSection(ProjectConfigurationPlatforms) = postSolution
		{A40E1224-6159-4FE6-B78E-4094BD05DAF6}.Debug|Any CPU.ActiveCfg = Debug|Any CPU
		{A40E1224-6159-4FE6-B78E-4094BD05DAF6}.Debug|Any CPU.Build.0 = Debug|Any CPU
		{A40E1224-6159-4FE6-B78E-4094BD05DAF6}.Release|Any CPU.ActiveCfg = Release|Any CPU
		{A40E1224-6159-4FE6-B78E-4094BD05DAF6}.Release|Any CPU.Build.0 = Release|Any CPU
		{133981BF-62BF-453A-8ED0-AEFA386FEBB8}.Debug|Any CPU.ActiveCfg = Debug|Any CPU
		{133981BF-62BF-453A-8ED0-AEFA386FEBB8}.Debug|Any CPU.Build.0 = Debug|Any CPU
		{133981BF-62BF-453A-8ED0-AEFA386FEBB8}.Release|Any CPU.ActiveCfg = Release|Any CPU
		{133981BF-62BF-453A-8ED0-AEFA386FEBB8}.Release|Any CPU.Build.0 = Release|Any CPU
		{5512542B-6423-4221-90AC-CF12CC73E96F}.Debug|Any CPU.ActiveCfg = Debug|Any CPU
		{5512542B-6423-4221-90AC-CF12CC73E96F}.Debug|Any CPU.Build.0 = Debug|Any CPU
		{5512542B-6423-4221-90AC-CF12CC73E96F}.Release|Any CPU.ActiveCfg = Release|Any CPU
		{5512542B-6423-4221-90AC-CF12CC73E96F}.Release|Any CPU.Build.0 = Release|Any CPU
		{C036E79E-49D8-4AB3-BB9A-792C514A817F}.Debug|Any CPU.ActiveCfg = Debug|Any CPU
		{C036E79E-49D8-4AB3-BB9A-792C514A817F}.Debug|Any CPU.Build.0 = Debug|Any CPU
		{C036E79E-49D8-4AB3-BB9A-792C514A817F}.Release|Any CPU.ActiveCfg = Release|Any CPU
		{C036E79E-49D8-4AB3-BB9A-792C514A817F}.Release|Any CPU.Build.0 = Release|Any CPU
		{B814F8CE-56A1-4245-8CBA-683DD2FFF2DC}.Debug|Any CPU.ActiveCfg = Debug|Any CPU
		{B814F8CE-56A1-4245-8CBA-683DD2FFF2DC}.Debug|Any CPU.Build.0 = Debug|Any CPU
		{B814F8CE-56A1-4245-8CBA-683DD2FFF2DC}.Release|Any CPU.ActiveCfg = Release|Any CPU
		{B814F8CE-56A1-4245-8CBA-683DD2FFF2DC}.Release|Any CPU.Build.0 = Release|Any CPU
		{6B8A79C7-B761-41DD-B9E3-FD5631ABE299}.Debug|Any CPU.ActiveCfg = Debug|Any CPU
		{6B8A79C7-B761-41DD-B9E3-FD5631ABE299}.Debug|Any CPU.Build.0 = Debug|Any CPU
		{6B8A79C7-B761-41DD-B9E3-FD5631ABE299}.Release|Any CPU.ActiveCfg = Release|Any CPU
		{6B8A79C7-B761-41DD-B9E3-FD5631ABE299}.Release|Any CPU.Build.0 = Release|Any CPU
		{8F9F6C42-2BB6-49E1-831D-7414CA411845}.Debug|Any CPU.ActiveCfg = Debug|Any CPU
		{8F9F6C42-2BB6-49E1-831D-7414CA411845}.Debug|Any CPU.Build.0 = Debug|Any CPU
		{8F9F6C42-2BB6-49E1-831D-7414CA411845}.Release|Any CPU.ActiveCfg = Release|Any CPU
		{8F9F6C42-2BB6-49E1-831D-7414CA411845}.Release|Any CPU.Build.0 = Release|Any CPU
		{88C35B4A-6925-45D7-97A4-E4DC4A59731F}.Debug|Any CPU.ActiveCfg = Debug|Any CPU
		{88C35B4A-6925-45D7-97A4-E4DC4A59731F}.Debug|Any CPU.Build.0 = Debug|Any CPU
		{88C35B4A-6925-45D7-97A4-E4DC4A59731F}.Release|Any CPU.ActiveCfg = Release|Any CPU
		{88C35B4A-6925-45D7-97A4-E4DC4A59731F}.Release|Any CPU.Build.0 = Release|Any CPU
		{FC668C72-7472-4774-8501-8E021ECF3BEA}.Debug|Any CPU.ActiveCfg = Debug|Any CPU
		{FC668C72-7472-4774-8501-8E021ECF3BEA}.Debug|Any CPU.Build.0 = Debug|Any CPU
		{FC668C72-7472-4774-8501-8E021ECF3BEA}.Release|Any CPU.ActiveCfg = Release|Any CPU
		{FC668C72-7472-4774-8501-8E021ECF3BEA}.Release|Any CPU.Build.0 = Release|Any CPU
		{67DCA42D-0666-4BDB-BF7B-F3FAB2A6EFED}.Debug|Any CPU.ActiveCfg = Debug|Any CPU
		{67DCA42D-0666-4BDB-BF7B-F3FAB2A6EFED}.Debug|Any CPU.Build.0 = Debug|Any CPU
		{67DCA42D-0666-4BDB-BF7B-F3FAB2A6EFED}.Release|Any CPU.ActiveCfg = Release|Any CPU
		{67DCA42D-0666-4BDB-BF7B-F3FAB2A6EFED}.Release|Any CPU.Build.0 = Release|Any CPU
		{D8929836-9B5D-4103-82AE-92ADC802592A}.Debug|Any CPU.ActiveCfg = Debug|Any CPU
		{D8929836-9B5D-4103-82AE-92ADC802592A}.Debug|Any CPU.Build.0 = Debug|Any CPU
		{D8929836-9B5D-4103-82AE-92ADC802592A}.Release|Any CPU.ActiveCfg = Release|Any CPU
		{D8929836-9B5D-4103-82AE-92ADC802592A}.Release|Any CPU.Build.0 = Release|Any CPU
		{8E6DD218-7BA1-4119-82D2-535C05A0923C}.Debug|Any CPU.ActiveCfg = Debug|Any CPU
		{8E6DD218-7BA1-4119-82D2-535C05A0923C}.Debug|Any CPU.Build.0 = Debug|Any CPU
		{8E6DD218-7BA1-4119-82D2-535C05A0923C}.Release|Any CPU.ActiveCfg = Release|Any CPU
		{8E6DD218-7BA1-4119-82D2-535C05A0923C}.Release|Any CPU.Build.0 = Release|Any CPU
		{4F0ECF1E-3C41-4564-A629-02C3455C71D3}.Debug|Any CPU.ActiveCfg = Debug|Any CPU
		{4F0ECF1E-3C41-4564-A629-02C3455C71D3}.Debug|Any CPU.Build.0 = Debug|Any CPU
		{4F0ECF1E-3C41-4564-A629-02C3455C71D3}.Release|Any CPU.ActiveCfg = Release|Any CPU
		{4F0ECF1E-3C41-4564-A629-02C3455C71D3}.Release|Any CPU.Build.0 = Release|Any CPU
		{DECC78B9-4FB5-4181-B7B7-E5121578000A}.Debug|Any CPU.ActiveCfg = Debug|Any CPU
		{DECC78B9-4FB5-4181-B7B7-E5121578000A}.Debug|Any CPU.Build.0 = Debug|Any CPU
		{DECC78B9-4FB5-4181-B7B7-E5121578000A}.Release|Any CPU.ActiveCfg = Release|Any CPU
		{DECC78B9-4FB5-4181-B7B7-E5121578000A}.Release|Any CPU.Build.0 = Release|Any CPU
		{6CB1246D-956A-4759-AA13-D434CBB383FE}.Debug|Any CPU.ActiveCfg = Debug|Any CPU
		{6CB1246D-956A-4759-AA13-D434CBB383FE}.Debug|Any CPU.Build.0 = Debug|Any CPU
		{6CB1246D-956A-4759-AA13-D434CBB383FE}.Release|Any CPU.ActiveCfg = Release|Any CPU
		{6CB1246D-956A-4759-AA13-D434CBB383FE}.Release|Any CPU.Build.0 = Release|Any CPU
		{30AA046B-5E14-408C-89EF-8601BB27FB32}.Debug|Any CPU.ActiveCfg = Debug|Any CPU
		{30AA046B-5E14-408C-89EF-8601BB27FB32}.Debug|Any CPU.Build.0 = Debug|Any CPU
		{30AA046B-5E14-408C-89EF-8601BB27FB32}.Release|Any CPU.ActiveCfg = Release|Any CPU
		{30AA046B-5E14-408C-89EF-8601BB27FB32}.Release|Any CPU.Build.0 = Release|Any CPU
		{AA6CC4E2-6FD8-4B30-99EC-A446E9CAA176}.Debug|Any CPU.ActiveCfg = Debug|Any CPU
		{AA6CC4E2-6FD8-4B30-99EC-A446E9CAA176}.Debug|Any CPU.Build.0 = Debug|Any CPU
		{AA6CC4E2-6FD8-4B30-99EC-A446E9CAA176}.Release|Any CPU.ActiveCfg = Release|Any CPU
		{AA6CC4E2-6FD8-4B30-99EC-A446E9CAA176}.Release|Any CPU.Build.0 = Release|Any CPU
		{720CCCB7-B966-4C3F-9F60-8B422DB46996}.Debug|Any CPU.ActiveCfg = Debug|Any CPU
		{720CCCB7-B966-4C3F-9F60-8B422DB46996}.Debug|Any CPU.Build.0 = Debug|Any CPU
		{720CCCB7-B966-4C3F-9F60-8B422DB46996}.Release|Any CPU.ActiveCfg = Release|Any CPU
		{720CCCB7-B966-4C3F-9F60-8B422DB46996}.Release|Any CPU.Build.0 = Release|Any CPU
	EndGlobalSection
	GlobalSection(SolutionProperties) = preSolution
		HideSolutionNode = FALSE
	EndGlobalSection
	GlobalSection(ExtensibilityGlobals) = postSolution
		SolutionGuid = {3FC0F689-CE80-4057-B193-8AD716760140}
	EndGlobalSection
EndGlobal
