
Microsoft Visual Studio Solution File, Format Version 11.00
# Visual Studio 2010
Project("{2150E333-8FDC-42A3-9474-1A3956D46DE8}") = "OtherDocs", "OtherDocs", "{0D38A3A9-1AE9-4984-A412-D395D2666ECC}"
	ProjectSection(SolutionItems) = preProject
		DistFiles\about.htm = DistFiles\about.htm
		build\build.common.proj = build\build.common.proj
		build\FLExBridge.build.mono.proj = build\FLExBridge.build.mono.proj
		build\FLExBridge.build.win.proj = build\FLExBridge.build.win.proj
		src\Installer\Installer.wixproj = src\Installer\Installer.wixproj
		src\Installer\Installer.wxs = src\Installer\Installer.wxs
		build\TestInstallerBuild.bat = build\TestInstallerBuild.bat
	EndProjectSection
EndProject
Project("{FAE04EC0-301F-11D3-BF4B-00C04F79EFBC}") = "FLExBridge", "src\FLExBridge\FLExBridge.csproj", "{A40E1224-6159-4FE6-B78E-4094BD05DAF6}"
EndProject
Project("{FAE04EC0-301F-11D3-BF4B-00C04F79EFBC}") = "FLEx-ChorusPlugin", "src\FLEx-ChorusPlugin\FLEx-ChorusPlugin.csproj", "{133981BF-62BF-453A-8ED0-AEFA386FEBB8}"
EndProject
Project("{FAE04EC0-301F-11D3-BF4B-00C04F79EFBC}") = "FLEx-ChorusPluginTests", "src\FLEx-ChorusPluginTests\FLEx-ChorusPluginTests.csproj", "{5512542B-6423-4221-90AC-CF12CC73E96F}"
EndProject
Project("{FAE04EC0-301F-11D3-BF4B-00C04F79EFBC}") = "FwdataTestApp", "src\FwdataNester\FwdataTestApp.csproj", "{C036E79E-49D8-4AB3-BB9A-792C514A817F}"
EndProject
Project("{FAE04EC0-301F-11D3-BF4B-00C04F79EFBC}") = "LiftBridge-ChorusPlugin", "src\LiftBridge-ChorusPlugin\LiftBridge-ChorusPlugin.csproj", "{B814F8CE-56A1-4245-8CBA-683DD2FFF2DC}"
EndProject
Project("{FAE04EC0-301F-11D3-BF4B-00C04F79EFBC}") = "LiftBridge-ChorusPluginTests", "src\LiftBridge-ChorusPluginTests\LiftBridge-ChorusPluginTests.csproj", "{6B8A79C7-B761-41DD-B9E3-FD5631ABE299}"
EndProject
Project("{FAE04EC0-301F-11D3-BF4B-00C04F79EFBC}") = "TriboroughBridge-ChorusPlugin", "src\TriboroughBridge-ChorusPlugin\TriboroughBridge-ChorusPlugin.csproj", "{8F9F6C42-2BB6-49E1-831D-7414CA411845}"
EndProject
Project("{FAE04EC0-301F-11D3-BF4B-00C04F79EFBC}") = "TriboroughBridge-ChorusPluginTests", "src\TriboroughBridge-ChorusPluginTests\TriboroughBridge-ChorusPluginTests.csproj", "{88C35B4A-6925-45D7-97A4-E4DC4A59731F}"
EndProject
Project("{FAE04EC0-301F-11D3-BF4B-00C04F79EFBC}") = "TheTurtle", "src\TheTurtle\TheTurtle.csproj", "{45349DFD-121A-423A-ACFF-C2FA1BFF61E3}"
EndProject
Project("{FAE04EC0-301F-11D3-BF4B-00C04F79EFBC}") = "TheTurtleTests", "src\TheTurtleTests\TheTurtleTests.csproj", "{D9C37AF7-7089-420F-902C-8AEC55DAE498}"
EndProject
Project("{FAE04EC0-301F-11D3-BF4B-00C04F79EFBC}") = "RepositoryUtility", "src\RepositoryUtility\RepositoryUtility.csproj", "{FC668C72-7472-4774-8501-8E021ECF3BEA}"
EndProject
Global
	GlobalSection(SolutionConfigurationPlatforms) = preSolution
		Debug|Any CPU = Debug|Any CPU
		Debug|Mixed Platforms = Debug|Mixed Platforms
		Debug|x86 = Debug|x86
		DebugMono|Any CPU = DebugMono|Any CPU
		DebugMono|Mixed Platforms = DebugMono|Mixed Platforms
		DebugMono|x86 = DebugMono|x86
		Release|Any CPU = Release|Any CPU
		Release|Mixed Platforms = Release|Mixed Platforms
		Release|x86 = Release|x86
		ReleaseMono|Any CPU = ReleaseMono|Any CPU
		ReleaseMono|Mixed Platforms = ReleaseMono|Mixed Platforms
		ReleaseMono|x86 = ReleaseMono|x86
	EndGlobalSection
	GlobalSection(ProjectConfigurationPlatforms) = postSolution
		{A40E1224-6159-4FE6-B78E-4094BD05DAF6}.Debug|Any CPU.ActiveCfg = Debug|Any CPU
		{A40E1224-6159-4FE6-B78E-4094BD05DAF6}.Debug|Any CPU.Build.0 = Debug|Any CPU
		{A40E1224-6159-4FE6-B78E-4094BD05DAF6}.Debug|Mixed Platforms.ActiveCfg = Debug|Any CPU
		{A40E1224-6159-4FE6-B78E-4094BD05DAF6}.Debug|Mixed Platforms.Build.0 = Debug|Any CPU
		{A40E1224-6159-4FE6-B78E-4094BD05DAF6}.Debug|x86.ActiveCfg = Debug|Any CPU
		{A40E1224-6159-4FE6-B78E-4094BD05DAF6}.DebugMono|Any CPU.ActiveCfg = DebugMono|Any CPU
		{A40E1224-6159-4FE6-B78E-4094BD05DAF6}.DebugMono|Any CPU.Build.0 = DebugMono|Any CPU
		{A40E1224-6159-4FE6-B78E-4094BD05DAF6}.DebugMono|Mixed Platforms.ActiveCfg = DebugMono|Any CPU
		{A40E1224-6159-4FE6-B78E-4094BD05DAF6}.DebugMono|Mixed Platforms.Build.0 = DebugMono|Any CPU
		{A40E1224-6159-4FE6-B78E-4094BD05DAF6}.DebugMono|x86.ActiveCfg = DebugMono|Any CPU
		{A40E1224-6159-4FE6-B78E-4094BD05DAF6}.Release|Any CPU.ActiveCfg = Release|Any CPU
		{A40E1224-6159-4FE6-B78E-4094BD05DAF6}.Release|Any CPU.Build.0 = Release|Any CPU
		{A40E1224-6159-4FE6-B78E-4094BD05DAF6}.Release|Mixed Platforms.ActiveCfg = Release|Any CPU
		{A40E1224-6159-4FE6-B78E-4094BD05DAF6}.Release|Mixed Platforms.Build.0 = Release|Any CPU
		{A40E1224-6159-4FE6-B78E-4094BD05DAF6}.Release|x86.ActiveCfg = Release|Any CPU
		{A40E1224-6159-4FE6-B78E-4094BD05DAF6}.ReleaseMono|Any CPU.ActiveCfg = ReleaseMono|Any CPU
		{A40E1224-6159-4FE6-B78E-4094BD05DAF6}.ReleaseMono|Any CPU.Build.0 = ReleaseMono|Any CPU
		{A40E1224-6159-4FE6-B78E-4094BD05DAF6}.ReleaseMono|Mixed Platforms.ActiveCfg = ReleaseMono|Any CPU
		{A40E1224-6159-4FE6-B78E-4094BD05DAF6}.ReleaseMono|Mixed Platforms.Build.0 = ReleaseMono|Any CPU
		{A40E1224-6159-4FE6-B78E-4094BD05DAF6}.ReleaseMono|x86.ActiveCfg = ReleaseMono|Any CPU
		{133981BF-62BF-453A-8ED0-AEFA386FEBB8}.Debug|Any CPU.ActiveCfg = Debug|Any CPU
		{133981BF-62BF-453A-8ED0-AEFA386FEBB8}.Debug|Any CPU.Build.0 = Debug|Any CPU
		{133981BF-62BF-453A-8ED0-AEFA386FEBB8}.Debug|Mixed Platforms.ActiveCfg = Debug|Any CPU
		{133981BF-62BF-453A-8ED0-AEFA386FEBB8}.Debug|Mixed Platforms.Build.0 = Debug|Any CPU
		{133981BF-62BF-453A-8ED0-AEFA386FEBB8}.Debug|x86.ActiveCfg = Debug|Any CPU
		{133981BF-62BF-453A-8ED0-AEFA386FEBB8}.DebugMono|Any CPU.ActiveCfg = DebugMono|Any CPU
		{133981BF-62BF-453A-8ED0-AEFA386FEBB8}.DebugMono|Any CPU.Build.0 = DebugMono|Any CPU
		{133981BF-62BF-453A-8ED0-AEFA386FEBB8}.DebugMono|Mixed Platforms.ActiveCfg = DebugMono|Any CPU
		{133981BF-62BF-453A-8ED0-AEFA386FEBB8}.DebugMono|Mixed Platforms.Build.0 = DebugMono|Any CPU
		{133981BF-62BF-453A-8ED0-AEFA386FEBB8}.DebugMono|x86.ActiveCfg = DebugMono|Any CPU
		{133981BF-62BF-453A-8ED0-AEFA386FEBB8}.Release|Any CPU.ActiveCfg = Release|Any CPU
		{133981BF-62BF-453A-8ED0-AEFA386FEBB8}.Release|Any CPU.Build.0 = Release|Any CPU
		{133981BF-62BF-453A-8ED0-AEFA386FEBB8}.Release|Mixed Platforms.ActiveCfg = Release|Any CPU
		{133981BF-62BF-453A-8ED0-AEFA386FEBB8}.Release|Mixed Platforms.Build.0 = Release|Any CPU
		{133981BF-62BF-453A-8ED0-AEFA386FEBB8}.Release|x86.ActiveCfg = Release|Any CPU
		{133981BF-62BF-453A-8ED0-AEFA386FEBB8}.ReleaseMono|Any CPU.ActiveCfg = ReleaseMono|Any CPU
		{133981BF-62BF-453A-8ED0-AEFA386FEBB8}.ReleaseMono|Any CPU.Build.0 = ReleaseMono|Any CPU
		{133981BF-62BF-453A-8ED0-AEFA386FEBB8}.ReleaseMono|Mixed Platforms.ActiveCfg = ReleaseMono|Any CPU
		{133981BF-62BF-453A-8ED0-AEFA386FEBB8}.ReleaseMono|Mixed Platforms.Build.0 = ReleaseMono|Any CPU
		{133981BF-62BF-453A-8ED0-AEFA386FEBB8}.ReleaseMono|x86.ActiveCfg = ReleaseMono|Any CPU
		{5512542B-6423-4221-90AC-CF12CC73E96F}.Debug|Any CPU.ActiveCfg = Debug|Any CPU
		{5512542B-6423-4221-90AC-CF12CC73E96F}.Debug|Any CPU.Build.0 = Debug|Any CPU
		{5512542B-6423-4221-90AC-CF12CC73E96F}.Debug|Mixed Platforms.ActiveCfg = Debug|Any CPU
		{5512542B-6423-4221-90AC-CF12CC73E96F}.Debug|Mixed Platforms.Build.0 = Debug|Any CPU
		{5512542B-6423-4221-90AC-CF12CC73E96F}.Debug|x86.ActiveCfg = Debug|Any CPU
		{5512542B-6423-4221-90AC-CF12CC73E96F}.DebugMono|Any CPU.ActiveCfg = DebugMono|Any CPU
		{5512542B-6423-4221-90AC-CF12CC73E96F}.DebugMono|Any CPU.Build.0 = DebugMono|Any CPU
		{5512542B-6423-4221-90AC-CF12CC73E96F}.DebugMono|Mixed Platforms.ActiveCfg = DebugMono|Any CPU
		{5512542B-6423-4221-90AC-CF12CC73E96F}.DebugMono|Mixed Platforms.Build.0 = DebugMono|Any CPU
		{5512542B-6423-4221-90AC-CF12CC73E96F}.DebugMono|x86.ActiveCfg = DebugMono|Any CPU
		{5512542B-6423-4221-90AC-CF12CC73E96F}.Release|Any CPU.ActiveCfg = Release|Any CPU
		{5512542B-6423-4221-90AC-CF12CC73E96F}.Release|Any CPU.Build.0 = Release|Any CPU
		{5512542B-6423-4221-90AC-CF12CC73E96F}.Release|Mixed Platforms.ActiveCfg = Release|Any CPU
		{5512542B-6423-4221-90AC-CF12CC73E96F}.Release|Mixed Platforms.Build.0 = Release|Any CPU
		{5512542B-6423-4221-90AC-CF12CC73E96F}.Release|x86.ActiveCfg = Release|Any CPU
		{5512542B-6423-4221-90AC-CF12CC73E96F}.ReleaseMono|Any CPU.ActiveCfg = ReleaseMono|Any CPU
		{5512542B-6423-4221-90AC-CF12CC73E96F}.ReleaseMono|Any CPU.Build.0 = ReleaseMono|Any CPU
		{5512542B-6423-4221-90AC-CF12CC73E96F}.ReleaseMono|Mixed Platforms.ActiveCfg = ReleaseMono|Any CPU
		{5512542B-6423-4221-90AC-CF12CC73E96F}.ReleaseMono|Mixed Platforms.Build.0 = ReleaseMono|Any CPU
		{5512542B-6423-4221-90AC-CF12CC73E96F}.ReleaseMono|x86.ActiveCfg = ReleaseMono|Any CPU
		{C036E79E-49D8-4AB3-BB9A-792C514A817F}.Debug|Any CPU.ActiveCfg = Debug|Any CPU
		{C036E79E-49D8-4AB3-BB9A-792C514A817F}.Debug|Any CPU.Build.0 = Debug|Any CPU
		{C036E79E-49D8-4AB3-BB9A-792C514A817F}.Debug|Mixed Platforms.ActiveCfg = Debug|Any CPU
		{C036E79E-49D8-4AB3-BB9A-792C514A817F}.Debug|Mixed Platforms.Build.0 = Debug|Any CPU
		{C036E79E-49D8-4AB3-BB9A-792C514A817F}.Debug|x86.ActiveCfg = Debug|Any CPU
		{C036E79E-49D8-4AB3-BB9A-792C514A817F}.DebugMono|Any CPU.ActiveCfg = DebugMono|Any CPU
		{C036E79E-49D8-4AB3-BB9A-792C514A817F}.DebugMono|Any CPU.Build.0 = DebugMono|Any CPU
		{C036E79E-49D8-4AB3-BB9A-792C514A817F}.DebugMono|Mixed Platforms.ActiveCfg = DebugMono|Any CPU
		{C036E79E-49D8-4AB3-BB9A-792C514A817F}.DebugMono|Mixed Platforms.Build.0 = DebugMono|Any CPU
		{C036E79E-49D8-4AB3-BB9A-792C514A817F}.DebugMono|x86.ActiveCfg = DebugMono|Any CPU
		{C036E79E-49D8-4AB3-BB9A-792C514A817F}.Release|Any CPU.ActiveCfg = Release|Any CPU
		{C036E79E-49D8-4AB3-BB9A-792C514A817F}.Release|Any CPU.Build.0 = Release|Any CPU
		{C036E79E-49D8-4AB3-BB9A-792C514A817F}.Release|Mixed Platforms.ActiveCfg = Release|Any CPU
		{C036E79E-49D8-4AB3-BB9A-792C514A817F}.Release|Mixed Platforms.Build.0 = Release|Any CPU
		{C036E79E-49D8-4AB3-BB9A-792C514A817F}.Release|x86.ActiveCfg = Release|Any CPU
		{C036E79E-49D8-4AB3-BB9A-792C514A817F}.ReleaseMono|Any CPU.ActiveCfg = ReleaseMono|Any CPU
		{C036E79E-49D8-4AB3-BB9A-792C514A817F}.ReleaseMono|Any CPU.Build.0 = ReleaseMono|Any CPU
		{C036E79E-49D8-4AB3-BB9A-792C514A817F}.ReleaseMono|Mixed Platforms.ActiveCfg = ReleaseMono|Any CPU
		{C036E79E-49D8-4AB3-BB9A-792C514A817F}.ReleaseMono|Mixed Platforms.Build.0 = ReleaseMono|Any CPU
		{C036E79E-49D8-4AB3-BB9A-792C514A817F}.ReleaseMono|x86.ActiveCfg = ReleaseMono|Any CPU
		{B814F8CE-56A1-4245-8CBA-683DD2FFF2DC}.Debug|Any CPU.ActiveCfg = Debug|Any CPU
		{B814F8CE-56A1-4245-8CBA-683DD2FFF2DC}.Debug|Any CPU.Build.0 = Debug|Any CPU
		{B814F8CE-56A1-4245-8CBA-683DD2FFF2DC}.Debug|Mixed Platforms.ActiveCfg = Debug|Any CPU
		{B814F8CE-56A1-4245-8CBA-683DD2FFF2DC}.Debug|Mixed Platforms.Build.0 = Debug|Any CPU
		{B814F8CE-56A1-4245-8CBA-683DD2FFF2DC}.Debug|x86.ActiveCfg = Debug|Any CPU
		{B814F8CE-56A1-4245-8CBA-683DD2FFF2DC}.DebugMono|Any CPU.ActiveCfg = DebugMono|Any CPU
		{B814F8CE-56A1-4245-8CBA-683DD2FFF2DC}.DebugMono|Any CPU.Build.0 = DebugMono|Any CPU
		{B814F8CE-56A1-4245-8CBA-683DD2FFF2DC}.DebugMono|Mixed Platforms.ActiveCfg = DebugMono|Any CPU
		{B814F8CE-56A1-4245-8CBA-683DD2FFF2DC}.DebugMono|Mixed Platforms.Build.0 = DebugMono|Any CPU
		{B814F8CE-56A1-4245-8CBA-683DD2FFF2DC}.DebugMono|x86.ActiveCfg = DebugMono|Any CPU
		{B814F8CE-56A1-4245-8CBA-683DD2FFF2DC}.Release|Any CPU.ActiveCfg = Release|Any CPU
		{B814F8CE-56A1-4245-8CBA-683DD2FFF2DC}.Release|Any CPU.Build.0 = Release|Any CPU
		{B814F8CE-56A1-4245-8CBA-683DD2FFF2DC}.Release|Mixed Platforms.ActiveCfg = Release|Any CPU
		{B814F8CE-56A1-4245-8CBA-683DD2FFF2DC}.Release|Mixed Platforms.Build.0 = Release|Any CPU
		{B814F8CE-56A1-4245-8CBA-683DD2FFF2DC}.Release|x86.ActiveCfg = Release|Any CPU
		{B814F8CE-56A1-4245-8CBA-683DD2FFF2DC}.ReleaseMono|Any CPU.ActiveCfg = ReleaseMono|Any CPU
		{B814F8CE-56A1-4245-8CBA-683DD2FFF2DC}.ReleaseMono|Any CPU.Build.0 = ReleaseMono|Any CPU
		{B814F8CE-56A1-4245-8CBA-683DD2FFF2DC}.ReleaseMono|Mixed Platforms.ActiveCfg = ReleaseMono|Any CPU
		{B814F8CE-56A1-4245-8CBA-683DD2FFF2DC}.ReleaseMono|Mixed Platforms.Build.0 = ReleaseMono|Any CPU
		{B814F8CE-56A1-4245-8CBA-683DD2FFF2DC}.ReleaseMono|x86.ActiveCfg = ReleaseMono|Any CPU
		{6B8A79C7-B761-41DD-B9E3-FD5631ABE299}.Debug|Any CPU.ActiveCfg = Debug|Any CPU
		{6B8A79C7-B761-41DD-B9E3-FD5631ABE299}.Debug|Any CPU.Build.0 = Debug|Any CPU
		{6B8A79C7-B761-41DD-B9E3-FD5631ABE299}.Debug|Mixed Platforms.ActiveCfg = Debug|Any CPU
		{6B8A79C7-B761-41DD-B9E3-FD5631ABE299}.Debug|Mixed Platforms.Build.0 = Debug|Any CPU
		{6B8A79C7-B761-41DD-B9E3-FD5631ABE299}.Debug|x86.ActiveCfg = Debug|Any CPU
		{6B8A79C7-B761-41DD-B9E3-FD5631ABE299}.DebugMono|Any CPU.ActiveCfg = DebugMono|Any CPU
		{6B8A79C7-B761-41DD-B9E3-FD5631ABE299}.DebugMono|Any CPU.Build.0 = DebugMono|Any CPU
		{6B8A79C7-B761-41DD-B9E3-FD5631ABE299}.DebugMono|Mixed Platforms.ActiveCfg = DebugMono|Any CPU
		{6B8A79C7-B761-41DD-B9E3-FD5631ABE299}.DebugMono|Mixed Platforms.Build.0 = DebugMono|Any CPU
		{6B8A79C7-B761-41DD-B9E3-FD5631ABE299}.DebugMono|x86.ActiveCfg = DebugMono|Any CPU
		{6B8A79C7-B761-41DD-B9E3-FD5631ABE299}.Release|Any CPU.ActiveCfg = Release|Any CPU
		{6B8A79C7-B761-41DD-B9E3-FD5631ABE299}.Release|Any CPU.Build.0 = Release|Any CPU
		{6B8A79C7-B761-41DD-B9E3-FD5631ABE299}.Release|Mixed Platforms.ActiveCfg = Release|Any CPU
		{6B8A79C7-B761-41DD-B9E3-FD5631ABE299}.Release|Mixed Platforms.Build.0 = Release|Any CPU
		{6B8A79C7-B761-41DD-B9E3-FD5631ABE299}.Release|x86.ActiveCfg = Release|Any CPU
		{6B8A79C7-B761-41DD-B9E3-FD5631ABE299}.ReleaseMono|Any CPU.ActiveCfg = ReleaseMono|Any CPU
		{6B8A79C7-B761-41DD-B9E3-FD5631ABE299}.ReleaseMono|Any CPU.Build.0 = ReleaseMono|Any CPU
		{6B8A79C7-B761-41DD-B9E3-FD5631ABE299}.ReleaseMono|Mixed Platforms.ActiveCfg = ReleaseMono|Any CPU
		{6B8A79C7-B761-41DD-B9E3-FD5631ABE299}.ReleaseMono|Mixed Platforms.Build.0 = ReleaseMono|Any CPU
		{6B8A79C7-B761-41DD-B9E3-FD5631ABE299}.ReleaseMono|x86.ActiveCfg = ReleaseMono|Any CPU
		{8F9F6C42-2BB6-49E1-831D-7414CA411845}.Debug|Any CPU.ActiveCfg = Debug|Any CPU
		{8F9F6C42-2BB6-49E1-831D-7414CA411845}.Debug|Any CPU.Build.0 = Debug|Any CPU
		{8F9F6C42-2BB6-49E1-831D-7414CA411845}.Debug|Mixed Platforms.ActiveCfg = Debug|Any CPU
		{8F9F6C42-2BB6-49E1-831D-7414CA411845}.Debug|Mixed Platforms.Build.0 = Debug|Any CPU
		{8F9F6C42-2BB6-49E1-831D-7414CA411845}.Debug|x86.ActiveCfg = Debug|Any CPU
		{8F9F6C42-2BB6-49E1-831D-7414CA411845}.DebugMono|Any CPU.ActiveCfg = DebugMono|Any CPU
		{8F9F6C42-2BB6-49E1-831D-7414CA411845}.DebugMono|Any CPU.Build.0 = DebugMono|Any CPU
		{8F9F6C42-2BB6-49E1-831D-7414CA411845}.DebugMono|Mixed Platforms.ActiveCfg = DebugMono|Any CPU
		{8F9F6C42-2BB6-49E1-831D-7414CA411845}.DebugMono|Mixed Platforms.Build.0 = DebugMono|Any CPU
		{8F9F6C42-2BB6-49E1-831D-7414CA411845}.DebugMono|x86.ActiveCfg = DebugMono|Any CPU
		{8F9F6C42-2BB6-49E1-831D-7414CA411845}.Release|Any CPU.ActiveCfg = Release|Any CPU
		{8F9F6C42-2BB6-49E1-831D-7414CA411845}.Release|Any CPU.Build.0 = Release|Any CPU
		{8F9F6C42-2BB6-49E1-831D-7414CA411845}.Release|Mixed Platforms.ActiveCfg = Release|Any CPU
		{8F9F6C42-2BB6-49E1-831D-7414CA411845}.Release|Mixed Platforms.Build.0 = Release|Any CPU
		{8F9F6C42-2BB6-49E1-831D-7414CA411845}.Release|x86.ActiveCfg = Release|Any CPU
		{8F9F6C42-2BB6-49E1-831D-7414CA411845}.ReleaseMono|Any CPU.ActiveCfg = ReleaseMono|Any CPU
		{8F9F6C42-2BB6-49E1-831D-7414CA411845}.ReleaseMono|Any CPU.Build.0 = ReleaseMono|Any CPU
		{8F9F6C42-2BB6-49E1-831D-7414CA411845}.ReleaseMono|Mixed Platforms.ActiveCfg = ReleaseMono|Any CPU
		{8F9F6C42-2BB6-49E1-831D-7414CA411845}.ReleaseMono|Mixed Platforms.Build.0 = ReleaseMono|Any CPU
		{8F9F6C42-2BB6-49E1-831D-7414CA411845}.ReleaseMono|x86.ActiveCfg = ReleaseMono|Any CPU
		{88C35B4A-6925-45D7-97A4-E4DC4A59731F}.Debug|Any CPU.ActiveCfg = Debug|Any CPU
		{88C35B4A-6925-45D7-97A4-E4DC4A59731F}.Debug|Any CPU.Build.0 = Debug|Any CPU
		{88C35B4A-6925-45D7-97A4-E4DC4A59731F}.Debug|Mixed Platforms.ActiveCfg = Debug|Any CPU
		{88C35B4A-6925-45D7-97A4-E4DC4A59731F}.Debug|Mixed Platforms.Build.0 = Debug|Any CPU
		{88C35B4A-6925-45D7-97A4-E4DC4A59731F}.Debug|x86.ActiveCfg = Debug|Any CPU
		{88C35B4A-6925-45D7-97A4-E4DC4A59731F}.DebugMono|Any CPU.ActiveCfg = DebugMono|Any CPU
		{88C35B4A-6925-45D7-97A4-E4DC4A59731F}.DebugMono|Any CPU.Build.0 = DebugMono|Any CPU
		{88C35B4A-6925-45D7-97A4-E4DC4A59731F}.DebugMono|Mixed Platforms.ActiveCfg = DebugMono|Any CPU
		{88C35B4A-6925-45D7-97A4-E4DC4A59731F}.DebugMono|Mixed Platforms.Build.0 = DebugMono|Any CPU
		{88C35B4A-6925-45D7-97A4-E4DC4A59731F}.DebugMono|x86.ActiveCfg = DebugMono|Any CPU
		{88C35B4A-6925-45D7-97A4-E4DC4A59731F}.Release|Any CPU.ActiveCfg = Release|Any CPU
		{88C35B4A-6925-45D7-97A4-E4DC4A59731F}.Release|Any CPU.Build.0 = Release|Any CPU
		{88C35B4A-6925-45D7-97A4-E4DC4A59731F}.Release|Mixed Platforms.ActiveCfg = Release|Any CPU
		{88C35B4A-6925-45D7-97A4-E4DC4A59731F}.Release|Mixed Platforms.Build.0 = Release|Any CPU
		{88C35B4A-6925-45D7-97A4-E4DC4A59731F}.Release|x86.ActiveCfg = Release|Any CPU
		{88C35B4A-6925-45D7-97A4-E4DC4A59731F}.ReleaseMono|Any CPU.ActiveCfg = ReleaseMono|Any CPU
		{88C35B4A-6925-45D7-97A4-E4DC4A59731F}.ReleaseMono|Any CPU.Build.0 = ReleaseMono|Any CPU
		{88C35B4A-6925-45D7-97A4-E4DC4A59731F}.ReleaseMono|Mixed Platforms.ActiveCfg = ReleaseMono|Any CPU
		{88C35B4A-6925-45D7-97A4-E4DC4A59731F}.ReleaseMono|Mixed Platforms.Build.0 = ReleaseMono|Any CPU
		{88C35B4A-6925-45D7-97A4-E4DC4A59731F}.ReleaseMono|x86.ActiveCfg = ReleaseMono|Any CPU
		{45349DFD-121A-423A-ACFF-C2FA1BFF61E3}.Debug|Any CPU.ActiveCfg = Debug|Any CPU
		{45349DFD-121A-423A-ACFF-C2FA1BFF61E3}.Debug|Any CPU.Build.0 = Debug|Any CPU
		{45349DFD-121A-423A-ACFF-C2FA1BFF61E3}.Debug|Mixed Platforms.ActiveCfg = Debug|Any CPU
		{45349DFD-121A-423A-ACFF-C2FA1BFF61E3}.Debug|Mixed Platforms.Build.0 = Debug|Any CPU
		{45349DFD-121A-423A-ACFF-C2FA1BFF61E3}.Debug|x86.ActiveCfg = Debug|x86
		{45349DFD-121A-423A-ACFF-C2FA1BFF61E3}.Debug|x86.Build.0 = Debug|x86
		{45349DFD-121A-423A-ACFF-C2FA1BFF61E3}.DebugMono|Any CPU.ActiveCfg = DebugMono|x86
		{45349DFD-121A-423A-ACFF-C2FA1BFF61E3}.DebugMono|Mixed Platforms.ActiveCfg = DebugMono|Any CPU
		{45349DFD-121A-423A-ACFF-C2FA1BFF61E3}.DebugMono|Mixed Platforms.Build.0 = DebugMono|Any CPU
		{45349DFD-121A-423A-ACFF-C2FA1BFF61E3}.DebugMono|x86.ActiveCfg = DebugMono|Any CPU
		{45349DFD-121A-423A-ACFF-C2FA1BFF61E3}.Release|Any CPU.ActiveCfg = Release|Any CPU
		{45349DFD-121A-423A-ACFF-C2FA1BFF61E3}.Release|Any CPU.Build.0 = Release|Any CPU
		{45349DFD-121A-423A-ACFF-C2FA1BFF61E3}.Release|Mixed Platforms.ActiveCfg = Release|Any CPU
		{45349DFD-121A-423A-ACFF-C2FA1BFF61E3}.Release|Mixed Platforms.Build.0 = Release|Any CPU
		{45349DFD-121A-423A-ACFF-C2FA1BFF61E3}.Release|x86.ActiveCfg = Release|x86
		{45349DFD-121A-423A-ACFF-C2FA1BFF61E3}.Release|x86.Build.0 = Release|x86
		{45349DFD-121A-423A-ACFF-C2FA1BFF61E3}.ReleaseMono|Any CPU.ActiveCfg = ReleaseMono|x86
		{45349DFD-121A-423A-ACFF-C2FA1BFF61E3}.ReleaseMono|Mixed Platforms.ActiveCfg = ReleaseMono|Any CPU
		{45349DFD-121A-423A-ACFF-C2FA1BFF61E3}.ReleaseMono|Mixed Platforms.Build.0 = ReleaseMono|Any CPU
		{45349DFD-121A-423A-ACFF-C2FA1BFF61E3}.ReleaseMono|x86.ActiveCfg = ReleaseMono|Any CPU
		{D9C37AF7-7089-420F-902C-8AEC55DAE498}.Debug|Any CPU.ActiveCfg = Debug|Any CPU
		{D9C37AF7-7089-420F-902C-8AEC55DAE498}.Debug|Any CPU.Build.0 = Debug|Any CPU
		{D9C37AF7-7089-420F-902C-8AEC55DAE498}.Debug|Mixed Platforms.ActiveCfg = Debug|Any CPU
		{D9C37AF7-7089-420F-902C-8AEC55DAE498}.Debug|Mixed Platforms.Build.0 = Debug|Any CPU
		{D9C37AF7-7089-420F-902C-8AEC55DAE498}.Debug|x86.ActiveCfg = Debug|Any CPU
		{D9C37AF7-7089-420F-902C-8AEC55DAE498}.DebugMono|Any CPU.ActiveCfg = DebugMono|Any CPU
		{D9C37AF7-7089-420F-902C-8AEC55DAE498}.DebugMono|Any CPU.Build.0 = DebugMono|Any CPU
		{D9C37AF7-7089-420F-902C-8AEC55DAE498}.DebugMono|Mixed Platforms.ActiveCfg = DebugMono|Any CPU
		{D9C37AF7-7089-420F-902C-8AEC55DAE498}.DebugMono|Mixed Platforms.Build.0 = DebugMono|Any CPU
		{D9C37AF7-7089-420F-902C-8AEC55DAE498}.DebugMono|x86.ActiveCfg = DebugMono|Any CPU
		{D9C37AF7-7089-420F-902C-8AEC55DAE498}.Release|Any CPU.ActiveCfg = Release|Any CPU
		{D9C37AF7-7089-420F-902C-8AEC55DAE498}.Release|Any CPU.Build.0 = Release|Any CPU
		{D9C37AF7-7089-420F-902C-8AEC55DAE498}.Release|Mixed Platforms.ActiveCfg = Release|Any CPU
		{D9C37AF7-7089-420F-902C-8AEC55DAE498}.Release|Mixed Platforms.Build.0 = Release|Any CPU
		{D9C37AF7-7089-420F-902C-8AEC55DAE498}.Release|x86.ActiveCfg = Release|Any CPU
		{D9C37AF7-7089-420F-902C-8AEC55DAE498}.ReleaseMono|Any CPU.ActiveCfg = ReleaseMono|Any CPU
		{D9C37AF7-7089-420F-902C-8AEC55DAE498}.ReleaseMono|Any CPU.Build.0 = ReleaseMono|Any CPU
		{D9C37AF7-7089-420F-902C-8AEC55DAE498}.ReleaseMono|Mixed Platforms.ActiveCfg = ReleaseMono|Any CPU
		{D9C37AF7-7089-420F-902C-8AEC55DAE498}.ReleaseMono|Mixed Platforms.Build.0 = ReleaseMono|Any CPU
		{D9C37AF7-7089-420F-902C-8AEC55DAE498}.ReleaseMono|x86.ActiveCfg = ReleaseMono|Any CPU
		{FC668C72-7472-4774-8501-8E021ECF3BEA}.Debug|Any CPU.ActiveCfg = Debug|Any CPU
		{FC668C72-7472-4774-8501-8E021ECF3BEA}.Debug|Any CPU.Build.0 = Debug|Any CPU
		{FC668C72-7472-4774-8501-8E021ECF3BEA}.Debug|Mixed Platforms.ActiveCfg = Debug|Any CPU
		{FC668C72-7472-4774-8501-8E021ECF3BEA}.Debug|Mixed Platforms.Build.0 = Debug|Any CPU
		{FC668C72-7472-4774-8501-8E021ECF3BEA}.Debug|x86.ActiveCfg = Debug|Any CPU
		{FC668C72-7472-4774-8501-8E021ECF3BEA}.Debug|x86.Build.0 = Debug|Any CPU
		{FC668C72-7472-4774-8501-8E021ECF3BEA}.DebugMono|Any CPU.ActiveCfg = Debug|Any CPU
		{FC668C72-7472-4774-8501-8E021ECF3BEA}.DebugMono|Mixed Platforms.ActiveCfg = Debug|Any CPU
		{FC668C72-7472-4774-8501-8E021ECF3BEA}.DebugMono|x86.ActiveCfg = Debug|Any CPU
		{FC668C72-7472-4774-8501-8E021ECF3BEA}.DebugMono|x86.Build.0 = Debug|Any CPU
		{FC668C72-7472-4774-8501-8E021ECF3BEA}.Release|Any CPU.ActiveCfg = Release|Any CPU
		{FC668C72-7472-4774-8501-8E021ECF3BEA}.Release|Any CPU.Build.0 = Release|Any CPU
		{FC668C72-7472-4774-8501-8E021ECF3BEA}.Release|Mixed Platforms.ActiveCfg = Release|Any CPU
		{FC668C72-7472-4774-8501-8E021ECF3BEA}.Release|Mixed Platforms.Build.0 = Release|Any CPU
		{FC668C72-7472-4774-8501-8E021ECF3BEA}.Release|x86.ActiveCfg = Release|Any CPU
		{FC668C72-7472-4774-8501-8E021ECF3BEA}.Release|x86.Build.0 = Release|Any CPU
		{FC668C72-7472-4774-8501-8E021ECF3BEA}.ReleaseMono|Any CPU.ActiveCfg = Release|x86
		{FC668C72-7472-4774-8501-8E021ECF3BEA}.ReleaseMono|Mixed Platforms.Build.0 = Release|Any CPU
		{FC668C72-7472-4774-8501-8E021ECF3BEA}.ReleaseMono|x86.ActiveCfg = Release|Any CPU
		{FC668C72-7472-4774-8501-8E021ECF3BEA}.ReleaseMono|x86.Build.0 = Release|Any CPU
	EndGlobalSection
	GlobalSection(SolutionProperties) = preSolution
		HideSolutionNode = FALSE
	EndGlobalSection
EndGlobal
