
Microsoft Visual Studio Solution File, Format Version 11.00
# Visual Studio 2010
Project("{FAE04EC0-301F-11D3-BF4B-00C04F79EFBC}") = "LiftBridge", "src\LiftBridge\LiftBridge.csproj", "{B814F8CE-56A1-4245-8CBA-683DD2FFF2DC}"
EndProject
Project("{FAE04EC0-301F-11D3-BF4B-00C04F79EFBC}") = "LiftBridgeCore", "src\LiftBridgeCore\LiftBridgeCore.csproj", "{F36EF339-D019-45B0-B5D5-EF0BE9DCAA8D}"
EndProject
Project("{FAE04EC0-301F-11D3-BF4B-00C04F79EFBC}") = "LiftBridgeTests", "src\LiftBridgeTests\LiftBridgeTests.csproj", "{6B8A79C7-B761-41DD-B9E3-FD5631ABE299}"
EndProject
Project("{2150E333-8FDC-42A3-9474-1A3956D46DE8}") = "build", "build", "{24FF10ED-58AD-48EB-961A-5259CBABC710}"
	ProjectSection(SolutionItems) = preProject
		build\build.common.proj = build\build.common.proj
		build\LiftBridge.build.win.proj = build\LiftBridge.build.win.proj
	EndProjectSection
EndProject
Project("{2150E333-8FDC-42A3-9474-1A3956D46DE8}") = "Installer", "Installer", "{9373AC08-99B7-41DA-B0DF-60128E9D9DF0}"
	ProjectSection(SolutionItems) = preProject
		src\Installer\Index.htm = src\Installer\Index.htm
		src\Installer\Installer.wixproj = src\Installer\Installer.wixproj
		src\Installer\Installer.wxs = src\Installer\Installer.wxs
	EndProjectSection
EndProject
Project("{2150E333-8FDC-42A3-9474-1A3956D46DE8}") = "DistFiles", "DistFiles", "{C9834F5B-35BF-4ED2-8120-558EF69D200B}"
	ProjectSection(SolutionItems) = preProject
		DistFiles\about.htm = DistFiles\about.htm
	EndProjectSection
EndProject
Global
	GlobalSection(SolutionConfigurationPlatforms) = preSolution
		Debug|Any CPU = Debug|Any CPU
		Debug|x86 = Debug|x86
		DebugMono|Any CPU = DebugMono|Any CPU
		DebugMono|x86 = DebugMono|x86
		Release|Any CPU = Release|Any CPU
		Release|x86 = Release|x86
		ReleaseMono|Any CPU = ReleaseMono|Any CPU
		ReleaseMono|x86 = ReleaseMono|x86
	EndGlobalSection
	GlobalSection(ProjectConfigurationPlatforms) = postSolution
		{B814F8CE-56A1-4245-8CBA-683DD2FFF2DC}.Debug|Any CPU.ActiveCfg = Release|Any CPU
		{B814F8CE-56A1-4245-8CBA-683DD2FFF2DC}.Debug|Any CPU.Build.0 = Release|Any CPU
		{B814F8CE-56A1-4245-8CBA-683DD2FFF2DC}.Debug|x86.ActiveCfg = Debug|x86
		{B814F8CE-56A1-4245-8CBA-683DD2FFF2DC}.Debug|x86.Build.0 = Debug|x86
		{B814F8CE-56A1-4245-8CBA-683DD2FFF2DC}.DebugMono|Any CPU.ActiveCfg = DebugMono|Any CPU
		{B814F8CE-56A1-4245-8CBA-683DD2FFF2DC}.DebugMono|Any CPU.Build.0 = DebugMono|Any CPU
		{B814F8CE-56A1-4245-8CBA-683DD2FFF2DC}.DebugMono|x86.ActiveCfg = DebugMono|x86
		{B814F8CE-56A1-4245-8CBA-683DD2FFF2DC}.DebugMono|x86.Build.0 = DebugMono|x86
		{B814F8CE-56A1-4245-8CBA-683DD2FFF2DC}.Release|Any CPU.ActiveCfg = Release|Any CPU
		{B814F8CE-56A1-4245-8CBA-683DD2FFF2DC}.Release|Any CPU.Build.0 = Release|Any CPU
		{B814F8CE-56A1-4245-8CBA-683DD2FFF2DC}.Release|x86.ActiveCfg = Release|x86
		{B814F8CE-56A1-4245-8CBA-683DD2FFF2DC}.Release|x86.Build.0 = Release|x86
		{B814F8CE-56A1-4245-8CBA-683DD2FFF2DC}.ReleaseMono|Any CPU.ActiveCfg = ReleaseMono|Any CPU
		{B814F8CE-56A1-4245-8CBA-683DD2FFF2DC}.ReleaseMono|Any CPU.Build.0 = ReleaseMono|Any CPU
		{B814F8CE-56A1-4245-8CBA-683DD2FFF2DC}.ReleaseMono|x86.ActiveCfg = ReleaseMono|x86
		{B814F8CE-56A1-4245-8CBA-683DD2FFF2DC}.ReleaseMono|x86.Build.0 = ReleaseMono|x86
		{F36EF339-D019-45B0-B5D5-EF0BE9DCAA8D}.Debug|Any CPU.ActiveCfg = Debug|Any CPU
		{F36EF339-D019-45B0-B5D5-EF0BE9DCAA8D}.Debug|Any CPU.Build.0 = Debug|Any CPU
		{F36EF339-D019-45B0-B5D5-EF0BE9DCAA8D}.Debug|x86.ActiveCfg = Debug|x86
		{F36EF339-D019-45B0-B5D5-EF0BE9DCAA8D}.Debug|x86.Build.0 = Debug|x86
		{F36EF339-D019-45B0-B5D5-EF0BE9DCAA8D}.DebugMono|Any CPU.ActiveCfg = DebugMono|Any CPU
		{F36EF339-D019-45B0-B5D5-EF0BE9DCAA8D}.DebugMono|Any CPU.Build.0 = DebugMono|Any CPU
		{F36EF339-D019-45B0-B5D5-EF0BE9DCAA8D}.DebugMono|x86.ActiveCfg = DebugMono|x86
		{F36EF339-D019-45B0-B5D5-EF0BE9DCAA8D}.DebugMono|x86.Build.0 = DebugMono|x86
		{F36EF339-D019-45B0-B5D5-EF0BE9DCAA8D}.Release|Any CPU.ActiveCfg = Release|Any CPU
		{F36EF339-D019-45B0-B5D5-EF0BE9DCAA8D}.Release|Any CPU.Build.0 = Release|Any CPU
		{F36EF339-D019-45B0-B5D5-EF0BE9DCAA8D}.Release|x86.ActiveCfg = Release|x86
		{F36EF339-D019-45B0-B5D5-EF0BE9DCAA8D}.Release|x86.Build.0 = Release|x86
		{F36EF339-D019-45B0-B5D5-EF0BE9DCAA8D}.ReleaseMono|Any CPU.ActiveCfg = ReleaseMono|Any CPU
		{F36EF339-D019-45B0-B5D5-EF0BE9DCAA8D}.ReleaseMono|Any CPU.Build.0 = ReleaseMono|Any CPU
		{F36EF339-D019-45B0-B5D5-EF0BE9DCAA8D}.ReleaseMono|x86.ActiveCfg = ReleaseMono|x86
		{F36EF339-D019-45B0-B5D5-EF0BE9DCAA8D}.ReleaseMono|x86.Build.0 = ReleaseMono|x86
		{6B8A79C7-B761-41DD-B9E3-FD5631ABE299}.Debug|Any CPU.ActiveCfg = Debug|Any CPU
		{6B8A79C7-B761-41DD-B9E3-FD5631ABE299}.Debug|Any CPU.Build.0 = Debug|Any CPU
		{6B8A79C7-B761-41DD-B9E3-FD5631ABE299}.Debug|x86.ActiveCfg = Debug|x86
		{6B8A79C7-B761-41DD-B9E3-FD5631ABE299}.Debug|x86.Build.0 = Debug|x86
		{6B8A79C7-B761-41DD-B9E3-FD5631ABE299}.DebugMono|Any CPU.ActiveCfg = DebugMono|Any CPU
		{6B8A79C7-B761-41DD-B9E3-FD5631ABE299}.DebugMono|Any CPU.Build.0 = DebugMono|Any CPU
		{6B8A79C7-B761-41DD-B9E3-FD5631ABE299}.DebugMono|x86.ActiveCfg = DebugMono|x86
		{6B8A79C7-B761-41DD-B9E3-FD5631ABE299}.DebugMono|x86.Build.0 = DebugMono|x86
		{6B8A79C7-B761-41DD-B9E3-FD5631ABE299}.Release|Any CPU.ActiveCfg = Release|Any CPU
		{6B8A79C7-B761-41DD-B9E3-FD5631ABE299}.Release|Any CPU.Build.0 = Release|Any CPU
		{6B8A79C7-B761-41DD-B9E3-FD5631ABE299}.Release|x86.ActiveCfg = Release|x86
		{6B8A79C7-B761-41DD-B9E3-FD5631ABE299}.Release|x86.Build.0 = Release|x86
		{6B8A79C7-B761-41DD-B9E3-FD5631ABE299}.ReleaseMono|Any CPU.ActiveCfg = ReleaseMono|Any CPU
		{6B8A79C7-B761-41DD-B9E3-FD5631ABE299}.ReleaseMono|Any CPU.Build.0 = ReleaseMono|Any CPU
		{6B8A79C7-B761-41DD-B9E3-FD5631ABE299}.ReleaseMono|x86.ActiveCfg = ReleaseMono|x86
		{6B8A79C7-B761-41DD-B9E3-FD5631ABE299}.ReleaseMono|x86.Build.0 = ReleaseMono|x86
	EndGlobalSection
	GlobalSection(SolutionProperties) = preSolution
		HideSolutionNode = FALSE
	EndGlobalSection
EndGlobal
