
Microsoft Visual Studio Solution File, Format Version 10.00
# Visual Studio 2008
Project("{FAE04EC0-301F-11D3-BF4B-00C04F79EFBC}") = "LiftBridge", "src\LiftBridge\LiftBridge.csproj", "{B814F8CE-56A1-4245-8CBA-683DD2FFF2DC}"
EndProject
Project("{FAE04EC0-301F-11D3-BF4B-00C04F79EFBC}") = "LiftBridgeCore", "src\LiftBridgeCore\LiftBridgeCore.csproj", "{F36EF339-D019-45B0-B5D5-EF0BE9DCAA8D}"
EndProject
Project("{FAE04EC0-301F-11D3-BF4B-00C04F79EFBC}") = "LiftBridgeTests", "src\LiftBridgeTests\LiftBridgeTests.csproj", "{6B8A79C7-B761-41DD-B9E3-FD5631ABE299}"
EndProject
Project("{54435603-DBB4-11D2-8724-00A0C9A8B90C}") = "LiftBridge for FieldWorks 7", "src\LiftBridge for FieldWorks 7\LiftBridge for FieldWorks 7.vdproj", "{14283CE8-92E3-4FEB-8CC5-1443E8E315B9}"
EndProject
Global
	GlobalSection(SolutionConfigurationPlatforms) = preSolution
		Debug|Any CPU = Debug|Any CPU
		Debug|x86 = Debug|x86
		Release|Any CPU = Release|Any CPU
		Release|x86 = Release|x86
	EndGlobalSection
	GlobalSection(ProjectConfigurationPlatforms) = postSolution
		{B814F8CE-56A1-4245-8CBA-683DD2FFF2DC}.Debug|Any CPU.ActiveCfg = Debug|Any CPU
		{B814F8CE-56A1-4245-8CBA-683DD2FFF2DC}.Debug|Any CPU.Build.0 = Debug|Any CPU
		{B814F8CE-56A1-4245-8CBA-683DD2FFF2DC}.Debug|x86.ActiveCfg = Debug|x86
		{B814F8CE-56A1-4245-8CBA-683DD2FFF2DC}.Debug|x86.Build.0 = Debug|x86
		{B814F8CE-56A1-4245-8CBA-683DD2FFF2DC}.Release|Any CPU.ActiveCfg = Release|Any CPU
		{B814F8CE-56A1-4245-8CBA-683DD2FFF2DC}.Release|Any CPU.Build.0 = Release|Any CPU
		{B814F8CE-56A1-4245-8CBA-683DD2FFF2DC}.Release|x86.ActiveCfg = Release|x86
		{B814F8CE-56A1-4245-8CBA-683DD2FFF2DC}.Release|x86.Build.0 = Release|x86
		{F36EF339-D019-45B0-B5D5-EF0BE9DCAA8D}.Debug|Any CPU.ActiveCfg = Debug|Any CPU
		{F36EF339-D019-45B0-B5D5-EF0BE9DCAA8D}.Debug|Any CPU.Build.0 = Debug|Any CPU
		{F36EF339-D019-45B0-B5D5-EF0BE9DCAA8D}.Debug|x86.ActiveCfg = Debug|x86
		{F36EF339-D019-45B0-B5D5-EF0BE9DCAA8D}.Debug|x86.Build.0 = Debug|x86
		{F36EF339-D019-45B0-B5D5-EF0BE9DCAA8D}.Release|Any CPU.ActiveCfg = Release|Any CPU
		{F36EF339-D019-45B0-B5D5-EF0BE9DCAA8D}.Release|Any CPU.Build.0 = Release|Any CPU
		{F36EF339-D019-45B0-B5D5-EF0BE9DCAA8D}.Release|x86.ActiveCfg = Release|x86
		{F36EF339-D019-45B0-B5D5-EF0BE9DCAA8D}.Release|x86.Build.0 = Release|x86
		{6B8A79C7-B761-41DD-B9E3-FD5631ABE299}.Debug|Any CPU.ActiveCfg = Debug|Any CPU
		{6B8A79C7-B761-41DD-B9E3-FD5631ABE299}.Debug|Any CPU.Build.0 = Debug|Any CPU
		{6B8A79C7-B761-41DD-B9E3-FD5631ABE299}.Debug|x86.ActiveCfg = Debug|x86
		{6B8A79C7-B761-41DD-B9E3-FD5631ABE299}.Debug|x86.Build.0 = Debug|x86
		{6B8A79C7-B761-41DD-B9E3-FD5631ABE299}.Release|Any CPU.ActiveCfg = Release|Any CPU
		{6B8A79C7-B761-41DD-B9E3-FD5631ABE299}.Release|Any CPU.Build.0 = Release|Any CPU
		{6B8A79C7-B761-41DD-B9E3-FD5631ABE299}.Release|x86.ActiveCfg = Release|x86
		{6B8A79C7-B761-41DD-B9E3-FD5631ABE299}.Release|x86.Build.0 = Release|x86
		{14283CE8-92E3-4FEB-8CC5-1443E8E315B9}.Debug|Any CPU.ActiveCfg = Debug
		{14283CE8-92E3-4FEB-8CC5-1443E8E315B9}.Debug|x86.ActiveCfg = Debug
		{14283CE8-92E3-4FEB-8CC5-1443E8E315B9}.Release|Any CPU.ActiveCfg = Release
		{14283CE8-92E3-4FEB-8CC5-1443E8E315B9}.Release|x86.ActiveCfg = Release
		{14283CE8-92E3-4FEB-8CC5-1443E8E315B9}.Release|x86.Build.0 = Release
	EndGlobalSection
	GlobalSection(SolutionProperties) = preSolution
		HideSolutionNode = FALSE
	EndGlobalSection
EndGlobal
