
Microsoft Visual Studio Solution File, Format Version 10.00
# Visual Studio 2008
Project("{FAE04EC0-301F-11D3-BF4B-00C04F79EFBC}") = "LiftBridge", "src\LiftBridge\LiftBridge.csproj", "{B814F8CE-56A1-4245-8CBA-683DD2FFF2DC}"
EndProject
Project("{FAE04EC0-301F-11D3-BF4B-00C04F79EFBC}") = "LiftBridgeUtility6", "src\LiftBridgeUtility6\LiftBridgeUtility6.csproj", "{DD2E6B89-30ED-413F-AB6F-7DCF45E5CC03}"
EndProject
Global
	GlobalSection(SolutionConfigurationPlatforms) = preSolution
		Debug|Any CPU = Debug|Any CPU
		Release|Any CPU = Release|Any CPU
	EndGlobalSection
	GlobalSection(ProjectConfigurationPlatforms) = postSolution
		{B814F8CE-56A1-4245-8CBA-683DD2FFF2DC}.Debug|Any CPU.ActiveCfg = Release|Any CPU
		{B814F8CE-56A1-4245-8CBA-683DD2FFF2DC}.Debug|Any CPU.Build.0 = Release|Any CPU
		{B814F8CE-56A1-4245-8CBA-683DD2FFF2DC}.Release|Any CPU.ActiveCfg = Release|Any CPU
		{B814F8CE-56A1-4245-8CBA-683DD2FFF2DC}.Release|Any CPU.Build.0 = Release|Any CPU
		{DD2E6B89-30ED-413F-AB6F-7DCF45E5CC03}.Debug|Any CPU.ActiveCfg = Release|Any CPU
		{DD2E6B89-30ED-413F-AB6F-7DCF45E5CC03}.Debug|Any CPU.Build.0 = Release|Any CPU
		{DD2E6B89-30ED-413F-AB6F-7DCF45E5CC03}.Release|Any CPU.ActiveCfg = Release|Any CPU
		{DD2E6B89-30ED-413F-AB6F-7DCF45E5CC03}.Release|Any CPU.Build.0 = Release|Any CPU
	EndGlobalSection
	GlobalSection(SolutionProperties) = preSolution
		HideSolutionNode = FALSE
	EndGlobalSection
EndGlobal
