
Microsoft Visual Studio Solution File, Format Version 11.00
# Visual Studio 2010
Project("{FAE04EC0-301F-11D3-BF4B-00C04F79EFBC}") = "LiftBridge-ChorusPlugin", "src\LiftBridge-ChorusPlugin\LiftBridge-ChorusPlugin.csproj", "{B814F8CE-56A1-4245-8CBA-683DD2FFF2DC}"
EndProject
Project("{FAE04EC0-301F-11D3-BF4B-00C04F79EFBC}") = "LiftBridge-ChorusPluginTests", "src\LiftBridge-ChorusPluginTests\LiftBridge-ChorusPluginTests.csproj", "{6B8A79C7-B761-41DD-B9E3-FD5631ABE299}"
EndProject
Project("{2150E333-8FDC-42A3-9474-1A3956D46DE8}") = "build", "build", "{24FF10ED-58AD-48EB-961A-5259CBABC710}"
	ProjectSection(SolutionItems) = preProject
		build\build.common.proj = build\build.common.proj
		build\LiftBridge.build.mono.proj = build\LiftBridge.build.mono.proj
		build\LiftBridge.build.win.proj = build\LiftBridge.build.win.proj
	EndProjectSection
EndProject
Project("{2150E333-8FDC-42A3-9474-1A3956D46DE8}") = "DistFiles", "DistFiles", "{C9834F5B-35BF-4ED2-8120-558EF69D200B}"
	ProjectSection(SolutionItems) = preProject
		DistFiles\about.htm = DistFiles\about.htm
	EndProjectSection
EndProject
Project("{2150E333-8FDC-42A3-9474-1A3956D46DE8}") = "Installer", "Installer", "{C3F694E9-E10C-49D6-80CF-EF1E1C005A7F}"
	ProjectSection(SolutionItems) = preProject
		src\Installer\GeneratedDistFiles.wxs = src\Installer\GeneratedDistFiles.wxs
		src\Installer\GeneratedMercurialExtensionsFiles.wxs = src\Installer\GeneratedMercurialExtensionsFiles.wxs
		src\Installer\GeneratedMercurialFiles.wxs = src\Installer\GeneratedMercurialFiles.wxs
		src\Installer\Index.htm = src\Installer\Index.htm
		src\Installer\Installer.wixproj = src\Installer\Installer.wixproj
		src\Installer\Installer.wxs = src\Installer\Installer.wxs
	EndProjectSection
EndProject
Project("{FAE04EC0-301F-11D3-BF4B-00C04F79EFBC}") = "LiftBridge", "src\LiftBridge\LiftBridge.csproj", "{E95F8B39-38AE-4E5C-AE38-24DCA6128E3B}"
EndProject
Global
	GlobalSection(SolutionConfigurationPlatforms) = preSolution
		Debug|Any CPU = Debug|Any CPU
		Debug|Mixed Platforms = Debug|Mixed Platforms
		Debug|x86 = Debug|x86
		DebugMono|Any CPU = DebugMono|Any CPU
		DebugMono|Mixed Platforms = DebugMono|Mixed Platforms
		DebugMono|x86 = DebugMono|x86
		Release|Any CPU = Release|Any CPU
		Release|Mixed Platforms = Release|Mixed Platforms
		Release|x86 = Release|x86
		ReleaseMono|Any CPU = ReleaseMono|Any CPU
		ReleaseMono|Mixed Platforms = ReleaseMono|Mixed Platforms
		ReleaseMono|x86 = ReleaseMono|x86
	EndGlobalSection
	GlobalSection(ProjectConfigurationPlatforms) = postSolution
		{B814F8CE-56A1-4245-8CBA-683DD2FFF2DC}.Debug|Any CPU.ActiveCfg = Debug|Any CPU
		{B814F8CE-56A1-4245-8CBA-683DD2FFF2DC}.Debug|Any CPU.Build.0 = Debug|Any CPU
		{B814F8CE-56A1-4245-8CBA-683DD2FFF2DC}.Debug|Mixed Platforms.ActiveCfg = Debug|Any CPU
		{B814F8CE-56A1-4245-8CBA-683DD2FFF2DC}.Debug|Mixed Platforms.Build.0 = Debug|Any CPU
		{B814F8CE-56A1-4245-8CBA-683DD2FFF2DC}.Debug|x86.ActiveCfg = Debug|Any CPU
		{B814F8CE-56A1-4245-8CBA-683DD2FFF2DC}.DebugMono|Any CPU.ActiveCfg = DebugMono|Any CPU
		{B814F8CE-56A1-4245-8CBA-683DD2FFF2DC}.DebugMono|Any CPU.Build.0 = DebugMono|Any CPU
		{B814F8CE-56A1-4245-8CBA-683DD2FFF2DC}.DebugMono|Mixed Platforms.ActiveCfg = DebugMono|Any CPU
		{B814F8CE-56A1-4245-8CBA-683DD2FFF2DC}.DebugMono|Mixed Platforms.Build.0 = DebugMono|Any CPU
		{B814F8CE-56A1-4245-8CBA-683DD2FFF2DC}.DebugMono|x86.ActiveCfg = DebugMono|Any CPU
		{B814F8CE-56A1-4245-8CBA-683DD2FFF2DC}.Release|Any CPU.ActiveCfg = Release|Any CPU
		{B814F8CE-56A1-4245-8CBA-683DD2FFF2DC}.Release|Any CPU.Build.0 = Release|Any CPU
		{B814F8CE-56A1-4245-8CBA-683DD2FFF2DC}.Release|Mixed Platforms.ActiveCfg = Release|Any CPU
		{B814F8CE-56A1-4245-8CBA-683DD2FFF2DC}.Release|Mixed Platforms.Build.0 = Release|Any CPU
		{B814F8CE-56A1-4245-8CBA-683DD2FFF2DC}.Release|x86.ActiveCfg = Release|Any CPU
		{B814F8CE-56A1-4245-8CBA-683DD2FFF2DC}.ReleaseMono|Any CPU.ActiveCfg = ReleaseMono|Any CPU
		{B814F8CE-56A1-4245-8CBA-683DD2FFF2DC}.ReleaseMono|Any CPU.Build.0 = ReleaseMono|Any CPU
		{B814F8CE-56A1-4245-8CBA-683DD2FFF2DC}.ReleaseMono|Mixed Platforms.ActiveCfg = ReleaseMono|Any CPU
		{B814F8CE-56A1-4245-8CBA-683DD2FFF2DC}.ReleaseMono|Mixed Platforms.Build.0 = ReleaseMono|Any CPU
		{B814F8CE-56A1-4245-8CBA-683DD2FFF2DC}.ReleaseMono|x86.ActiveCfg = ReleaseMono|Any CPU
		{6B8A79C7-B761-41DD-B9E3-FD5631ABE299}.Debug|Any CPU.ActiveCfg = Debug|Any CPU
		{6B8A79C7-B761-41DD-B9E3-FD5631ABE299}.Debug|Any CPU.Build.0 = Debug|Any CPU
		{6B8A79C7-B761-41DD-B9E3-FD5631ABE299}.Debug|Mixed Platforms.ActiveCfg = Debug|Any CPU
		{6B8A79C7-B761-41DD-B9E3-FD5631ABE299}.Debug|Mixed Platforms.Build.0 = Debug|Any CPU
		{6B8A79C7-B761-41DD-B9E3-FD5631ABE299}.Debug|x86.ActiveCfg = Debug|Any CPU
		{6B8A79C7-B761-41DD-B9E3-FD5631ABE299}.DebugMono|Any CPU.ActiveCfg = DebugMono|Any CPU
		{6B8A79C7-B761-41DD-B9E3-FD5631ABE299}.DebugMono|Any CPU.Build.0 = DebugMono|Any CPU
		{6B8A79C7-B761-41DD-B9E3-FD5631ABE299}.DebugMono|Mixed Platforms.ActiveCfg = DebugMono|Any CPU
		{6B8A79C7-B761-41DD-B9E3-FD5631ABE299}.DebugMono|Mixed Platforms.Build.0 = DebugMono|Any CPU
		{6B8A79C7-B761-41DD-B9E3-FD5631ABE299}.DebugMono|x86.ActiveCfg = DebugMono|Any CPU
		{6B8A79C7-B761-41DD-B9E3-FD5631ABE299}.Release|Any CPU.ActiveCfg = Release|Any CPU
		{6B8A79C7-B761-41DD-B9E3-FD5631ABE299}.Release|Any CPU.Build.0 = Release|Any CPU
		{6B8A79C7-B761-41DD-B9E3-FD5631ABE299}.Release|Mixed Platforms.ActiveCfg = Release|Any CPU
		{6B8A79C7-B761-41DD-B9E3-FD5631ABE299}.Release|Mixed Platforms.Build.0 = Release|Any CPU
		{6B8A79C7-B761-41DD-B9E3-FD5631ABE299}.Release|x86.ActiveCfg = Release|Any CPU
		{6B8A79C7-B761-41DD-B9E3-FD5631ABE299}.ReleaseMono|Any CPU.ActiveCfg = ReleaseMono|Any CPU
		{6B8A79C7-B761-41DD-B9E3-FD5631ABE299}.ReleaseMono|Any CPU.Build.0 = ReleaseMono|Any CPU
		{6B8A79C7-B761-41DD-B9E3-FD5631ABE299}.ReleaseMono|Mixed Platforms.ActiveCfg = ReleaseMono|Any CPU
		{6B8A79C7-B761-41DD-B9E3-FD5631ABE299}.ReleaseMono|Mixed Platforms.Build.0 = ReleaseMono|Any CPU
		{6B8A79C7-B761-41DD-B9E3-FD5631ABE299}.ReleaseMono|x86.ActiveCfg = ReleaseMono|Any CPU
		{E95F8B39-38AE-4E5C-AE38-24DCA6128E3B}.Debug|Any CPU.ActiveCfg = Debug|x86
		{E95F8B39-38AE-4E5C-AE38-24DCA6128E3B}.Debug|Mixed Platforms.ActiveCfg = Debug|x86
		{E95F8B39-38AE-4E5C-AE38-24DCA6128E3B}.Debug|Mixed Platforms.Build.0 = Debug|x86
		{E95F8B39-38AE-4E5C-AE38-24DCA6128E3B}.Debug|x86.ActiveCfg = Debug|x86
		{E95F8B39-38AE-4E5C-AE38-24DCA6128E3B}.Debug|x86.Build.0 = Debug|x86
		{E95F8B39-38AE-4E5C-AE38-24DCA6128E3B}.DebugMono|Any CPU.ActiveCfg = Debug|x86
		{E95F8B39-38AE-4E5C-AE38-24DCA6128E3B}.DebugMono|Mixed Platforms.ActiveCfg = Debug|x86
		{E95F8B39-38AE-4E5C-AE38-24DCA6128E3B}.DebugMono|Mixed Platforms.Build.0 = Debug|x86
		{E95F8B39-38AE-4E5C-AE38-24DCA6128E3B}.DebugMono|x86.ActiveCfg = Debug|x86
		{E95F8B39-38AE-4E5C-AE38-24DCA6128E3B}.DebugMono|x86.Build.0 = Debug|x86
		{E95F8B39-38AE-4E5C-AE38-24DCA6128E3B}.Release|Any CPU.ActiveCfg = Release|x86
		{E95F8B39-38AE-4E5C-AE38-24DCA6128E3B}.Release|Mixed Platforms.ActiveCfg = Release|x86
		{E95F8B39-38AE-4E5C-AE38-24DCA6128E3B}.Release|Mixed Platforms.Build.0 = Release|x86
		{E95F8B39-38AE-4E5C-AE38-24DCA6128E3B}.Release|x86.ActiveCfg = Release|x86
		{E95F8B39-38AE-4E5C-AE38-24DCA6128E3B}.Release|x86.Build.0 = Release|x86
		{E95F8B39-38AE-4E5C-AE38-24DCA6128E3B}.ReleaseMono|Any CPU.ActiveCfg = Release|x86
		{E95F8B39-38AE-4E5C-AE38-24DCA6128E3B}.ReleaseMono|Mixed Platforms.ActiveCfg = Release|x86
		{E95F8B39-38AE-4E5C-AE38-24DCA6128E3B}.ReleaseMono|Mixed Platforms.Build.0 = Release|x86
		{E95F8B39-38AE-4E5C-AE38-24DCA6128E3B}.ReleaseMono|x86.ActiveCfg = Release|x86
		{E95F8B39-38AE-4E5C-AE38-24DCA6128E3B}.ReleaseMono|x86.Build.0 = Release|x86
	EndGlobalSection
	GlobalSection(SolutionProperties) = preSolution
		HideSolutionNode = FALSE
	EndGlobalSection
EndGlobal
